// !$*UTF8*$!
{
	archiveVersion = 1;
	classes = {
	};
	objectVersion = 56;
	objects = {

/* Begin PBXBuildFile section */
		2C3D9ACC741AFE843C88F315 /* Pods_DemoShopApp_DemoShopAppUITests.framework in Frameworks */ = {isa = PBXBuildFile; fileRef = 1E92DAC7DFB2E0919CFF412A /* Pods_DemoShopApp_DemoShopAppUITests.framework */; };
		556CD70749EC771C917F67F6 /* Pods_DemoShopApp.framework in Frameworks */ = {isa = PBXBuildFile; fileRef = 95AE44EA19F4160562EF59EF /* Pods_DemoShopApp.framework */; };
		AD47F69E2BAB81F700AA5615 /* ListItemView.swift in Sources */ = {isa = PBXBuildFile; fileRef = AD47F69D2BAB81F700AA5615 /* ListItemView.swift */; };
		AD47F6A02BAB88E500AA5615 /* ItemDetailView.swift in Sources */ = {isa = PBXBuildFile; fileRef = AD47F69F2BAB88E500AA5615 /* ItemDetailView.swift */; };
		AD47F6A22BABAAEF00AA5615 /* RouterView.swift in Sources */ = {isa = PBXBuildFile; fileRef = AD47F6A12BABAAEF00AA5615 /* RouterView.swift */; };
		AD47F70F2BAD141300AA5615 /* CartView.swift in Sources */ = {isa = PBXBuildFile; fileRef = AD47F70E2BAD141300AA5615 /* CartView.swift */; };
		AD47F7112BAD190C00AA5615 /* CartItemView.swift in Sources */ = {isa = PBXBuildFile; fileRef = AD47F7102BAD190C00AA5615 /* CartItemView.swift */; };
		AD47F7162BAD252800AA5615 /* Router.swift in Sources */ = {isa = PBXBuildFile; fileRef = AD47F7152BAD252800AA5615 /* Router.swift */; };
		AD47F7182BAD2BAD00AA5615 /* ComfirmOrderView.swift in Sources */ = {isa = PBXBuildFile; fileRef = AD47F7172BAD2BAD00AA5615 /* ComfirmOrderView.swift */; };
		AD47F71A2BAD2C0B00AA5615 /* OrderItemView.swift in Sources */ = {isa = PBXBuildFile; fileRef = AD47F7192BAD2C0B00AA5615 /* OrderItemView.swift */; };
		AD9BA9132BAB6E0F0031D0EB /* ShopItem.swift in Sources */ = {isa = PBXBuildFile; fileRef = AD9BA9122BAB6E0F0031D0EB /* ShopItem.swift */; };
		AD9BA9152BAB720E0031D0EB /* AppState.swift in Sources */ = {isa = PBXBuildFile; fileRef = AD9BA9142BAB720E0031D0EB /* AppState.swift */; };
		AD9BA9172BAB72690031D0EB /* Store.swift in Sources */ = {isa = PBXBuildFile; fileRef = AD9BA9162BAB72690031D0EB /* Store.swift */; };
		AD9BA9192BAB72B10031D0EB /* AppAction.swift in Sources */ = {isa = PBXBuildFile; fileRef = AD9BA9182BAB72B10031D0EB /* AppAction.swift */; };
		AD9BA91B2BAB72DC0031D0EB /* Reducer.swift in Sources */ = {isa = PBXBuildFile; fileRef = AD9BA91A2BAB72DC0031D0EB /* Reducer.swift */; };
		AD9BA91D2BAB745C0031D0EB /* Environment.swift in Sources */ = {isa = PBXBuildFile; fileRef = AD9BA91C2BAB745C0031D0EB /* Environment.swift */; };
		AD9BA91F2BAB79580031D0EB /* Service.swift in Sources */ = {isa = PBXBuildFile; fileRef = AD9BA91E2BAB79580031D0EB /* Service.swift */; };
		ADA260972BA4F0D500FFEE95 /* App.swift in Sources */ = {isa = PBXBuildFile; fileRef = ADA260962BA4F0D500FFEE95 /* App.swift */; };
		ADA260992BA4F0D500FFEE95 /* ShopListView.swift in Sources */ = {isa = PBXBuildFile; fileRef = ADA260982BA4F0D500FFEE95 /* ShopListView.swift */; };
		ADA2609B2BA4F0D600FFEE95 /* Assets.xcassets in Resources */ = {isa = PBXBuildFile; fileRef = ADA2609A2BA4F0D600FFEE95 /* Assets.xcassets */; };
		ADA2609E2BA4F0D600FFEE95 /* Preview Assets.xcassets in Resources */ = {isa = PBXBuildFile; fileRef = ADA2609D2BA4F0D600FFEE95 /* Preview Assets.xcassets */; };
		ADA260A82BA4F0D600FFEE95 /* DemoShopAppTests.swift in Sources */ = {isa = PBXBuildFile; fileRef = ADA260A72BA4F0D600FFEE95 /* DemoShopAppTests.swift */; };
		ADA260B22BA4F0D600FFEE95 /* DemoShopAppUITests.swift in Sources */ = {isa = PBXBuildFile; fileRef = ADA260B12BA4F0D600FFEE95 /* DemoShopAppUITests.swift */; };
		ADA260B42BA4F0D600FFEE95 /* DemoShopAppUITestsLaunchTests.swift in Sources */ = {isa = PBXBuildFile; fileRef = ADA260B32BA4F0D600FFEE95 /* DemoShopAppUITestsLaunchTests.swift */; };
		D864617FC42F883041C30AEB /* Pods_DemoShopAppTests.framework in Frameworks */ = {isa = PBXBuildFile; fileRef = 158F67058E28B5CB7C3BA945 /* Pods_DemoShopAppTests.framework */; };
/* End PBXBuildFile section */

/* Begin PBXContainerItemProxy section */
		ADA260A42BA4F0D600FFEE95 /* PBXContainerItemProxy */ = {
			isa = PBXContainerItemProxy;
			containerPortal = ADA2608B2BA4F0D500FFEE95 /* Project object */;
			proxyType = 1;
			remoteGlobalIDString = ADA260922BA4F0D500FFEE95;
			remoteInfo = DemoShopApp;
		};
		ADA260AE2BA4F0D600FFEE95 /* PBXContainerItemProxy */ = {
			isa = PBXContainerItemProxy;
			containerPortal = ADA2608B2BA4F0D500FFEE95 /* Project object */;
			proxyType = 1;
			remoteGlobalIDString = ADA260922BA4F0D500FFEE95;
			remoteInfo = DemoShopApp;
		};
/* End PBXContainerItemProxy section */

/* Begin PBXFileReference section */
		158F67058E28B5CB7C3BA945 /* Pods_DemoShopAppTests.framework */ = {isa = PBXFileReference; explicitFileType = wrapper.framework; includeInIndex = 0; path = Pods_DemoShopAppTests.framework; sourceTree = BUILT_PRODUCTS_DIR; };
		1B2B1B7428603859FA04A713 /* Pods-DemoShopApp-DemoShopAppUITests.debug.xcconfig */ = {isa = PBXFileReference; includeInIndex = 1; lastKnownFileType = text.xcconfig; name = "Pods-DemoShopApp-DemoShopAppUITests.debug.xcconfig"; path = "Target Support Files/Pods-DemoShopApp-DemoShopAppUITests/Pods-DemoShopApp-DemoShopAppUITests.debug.xcconfig"; sourceTree = "<group>"; };
		1E92DAC7DFB2E0919CFF412A /* Pods_DemoShopApp_DemoShopAppUITests.framework */ = {isa = PBXFileReference; explicitFileType = wrapper.framework; includeInIndex = 0; path = Pods_DemoShopApp_DemoShopAppUITests.framework; sourceTree = BUILT_PRODUCTS_DIR; };
		20E0A254E7D048CCB0F100A8 /* Pods-DemoShopApp.debug.xcconfig */ = {isa = PBXFileReference; includeInIndex = 1; lastKnownFileType = text.xcconfig; name = "Pods-DemoShopApp.debug.xcconfig"; path = "Target Support Files/Pods-DemoShopApp/Pods-DemoShopApp.debug.xcconfig"; sourceTree = "<group>"; };
		810FE069D7997F664B9ABBF0 /* Pods-DemoShopApp-DemoShopAppUITests.release.xcconfig */ = {isa = PBXFileReference; includeInIndex = 1; lastKnownFileType = text.xcconfig; name = "Pods-DemoShopApp-DemoShopAppUITests.release.xcconfig"; path = "Target Support Files/Pods-DemoShopApp-DemoShopAppUITests/Pods-DemoShopApp-DemoShopAppUITests.release.xcconfig"; sourceTree = "<group>"; };
		95AE44EA19F4160562EF59EF /* Pods_DemoShopApp.framework */ = {isa = PBXFileReference; explicitFileType = wrapper.framework; includeInIndex = 0; path = Pods_DemoShopApp.framework; sourceTree = BUILT_PRODUCTS_DIR; };
		AD47F69D2BAB81F700AA5615 /* ListItemView.swift */ = {isa = PBXFileReference; lastKnownFileType = sourcecode.swift; path = ListItemView.swift; sourceTree = "<group>"; };
		AD47F69F2BAB88E500AA5615 /* ItemDetailView.swift */ = {isa = PBXFileReference; lastKnownFileType = sourcecode.swift; path = ItemDetailView.swift; sourceTree = "<group>"; };
		AD47F6A12BABAAEF00AA5615 /* RouterView.swift */ = {isa = PBXFileReference; lastKnownFileType = sourcecode.swift; path = RouterView.swift; sourceTree = "<group>"; };
		AD47F70E2BAD141300AA5615 /* CartView.swift */ = {isa = PBXFileReference; lastKnownFileType = sourcecode.swift; path = CartView.swift; sourceTree = "<group>"; };
		AD47F7102BAD190C00AA5615 /* CartItemView.swift */ = {isa = PBXFileReference; lastKnownFileType = sourcecode.swift; path = CartItemView.swift; sourceTree = "<group>"; };
		AD47F7152BAD252800AA5615 /* Router.swift */ = {isa = PBXFileReference; lastKnownFileType = sourcecode.swift; path = Router.swift; sourceTree = "<group>"; };
		AD47F7172BAD2BAD00AA5615 /* ComfirmOrderView.swift */ = {isa = PBXFileReference; lastKnownFileType = sourcecode.swift; path = ComfirmOrderView.swift; sourceTree = "<group>"; };
		AD47F7192BAD2C0B00AA5615 /* OrderItemView.swift */ = {isa = PBXFileReference; lastKnownFileType = sourcecode.swift; path = OrderItemView.swift; sourceTree = "<group>"; };
		AD9BA9122BAB6E0F0031D0EB /* ShopItem.swift */ = {isa = PBXFileReference; lastKnownFileType = sourcecode.swift; path = ShopItem.swift; sourceTree = "<group>"; };
		AD9BA9142BAB720E0031D0EB /* AppState.swift */ = {isa = PBXFileReference; lastKnownFileType = sourcecode.swift; path = AppState.swift; sourceTree = "<group>"; };
		AD9BA9162BAB72690031D0EB /* Store.swift */ = {isa = PBXFileReference; lastKnownFileType = sourcecode.swift; path = Store.swift; sourceTree = "<group>"; };
		AD9BA9182BAB72B10031D0EB /* AppAction.swift */ = {isa = PBXFileReference; lastKnownFileType = sourcecode.swift; path = AppAction.swift; sourceTree = "<group>"; };
		AD9BA91A2BAB72DC0031D0EB /* Reducer.swift */ = {isa = PBXFileReference; lastKnownFileType = sourcecode.swift; path = Reducer.swift; sourceTree = "<group>"; };
		AD9BA91C2BAB745C0031D0EB /* Environment.swift */ = {isa = PBXFileReference; lastKnownFileType = sourcecode.swift; path = Environment.swift; sourceTree = "<group>"; };
		AD9BA91E2BAB79580031D0EB /* Service.swift */ = {isa = PBXFileReference; lastKnownFileType = sourcecode.swift; path = Service.swift; sourceTree = "<group>"; };
		ADA260932BA4F0D500FFEE95 /* DemoShopApp.app */ = {isa = PBXFileReference; explicitFileType = wrapper.application; includeInIndex = 0; path = DemoShopApp.app; sourceTree = BUILT_PRODUCTS_DIR; };
		ADA260962BA4F0D500FFEE95 /* App.swift */ = {isa = PBXFileReference; lastKnownFileType = sourcecode.swift; path = App.swift; sourceTree = "<group>"; };
		ADA260982BA4F0D500FFEE95 /* ShopListView.swift */ = {isa = PBXFileReference; lastKnownFileType = sourcecode.swift; path = ShopListView.swift; sourceTree = "<group>"; };
		ADA2609A2BA4F0D600FFEE95 /* Assets.xcassets */ = {isa = PBXFileReference; lastKnownFileType = folder.assetcatalog; path = Assets.xcassets; sourceTree = "<group>"; };
		ADA2609D2BA4F0D600FFEE95 /* Preview Assets.xcassets */ = {isa = PBXFileReference; lastKnownFileType = folder.assetcatalog; path = "Preview Assets.xcassets"; sourceTree = "<group>"; };
		ADA260A32BA4F0D600FFEE95 /* DemoShopAppTests.xctest */ = {isa = PBXFileReference; explicitFileType = wrapper.cfbundle; includeInIndex = 0; path = DemoShopAppTests.xctest; sourceTree = BUILT_PRODUCTS_DIR; };
		ADA260A72BA4F0D600FFEE95 /* DemoShopAppTests.swift */ = {isa = PBXFileReference; lastKnownFileType = sourcecode.swift; path = DemoShopAppTests.swift; sourceTree = "<group>"; };
		ADA260AD2BA4F0D600FFEE95 /* DemoShopAppUITests.xctest */ = {isa = PBXFileReference; explicitFileType = wrapper.cfbundle; includeInIndex = 0; path = DemoShopAppUITests.xctest; sourceTree = BUILT_PRODUCTS_DIR; };
		ADA260B12BA4F0D600FFEE95 /* DemoShopAppUITests.swift */ = {isa = PBXFileReference; lastKnownFileType = sourcecode.swift; path = DemoShopAppUITests.swift; sourceTree = "<group>"; };
		ADA260B32BA4F0D600FFEE95 /* DemoShopAppUITestsLaunchTests.swift */ = {isa = PBXFileReference; lastKnownFileType = sourcecode.swift; path = DemoShopAppUITestsLaunchTests.swift; sourceTree = "<group>"; };
		CD195FC8BBCDEF0FF85F60D7 /* Pods-DemoShopApp.release.xcconfig */ = {isa = PBXFileReference; includeInIndex = 1; lastKnownFileType = text.xcconfig; name = "Pods-DemoShopApp.release.xcconfig"; path = "Target Support Files/Pods-DemoShopApp/Pods-DemoShopApp.release.xcconfig"; sourceTree = "<group>"; };
		DBBD2A7C5BFAC648BDCC0F29 /* Pods-DemoShopAppTests.debug.xcconfig */ = {isa = PBXFileReference; includeInIndex = 1; lastKnownFileType = text.xcconfig; name = "Pods-DemoShopAppTests.debug.xcconfig"; path = "Target Support Files/Pods-DemoShopAppTests/Pods-DemoShopAppTests.debug.xcconfig"; sourceTree = "<group>"; };
		FD88FB41ED6510BEB03730C4 /* Pods-DemoShopAppTests.release.xcconfig */ = {isa = PBXFileReference; includeInIndex = 1; lastKnownFileType = text.xcconfig; name = "Pods-DemoShopAppTests.release.xcconfig"; path = "Target Support Files/Pods-DemoShopAppTests/Pods-DemoShopAppTests.release.xcconfig"; sourceTree = "<group>"; };
/* End PBXFileReference section */

/* Begin PBXFrameworksBuildPhase section */
		ADA260902BA4F0D500FFEE95 /* Frameworks */ = {
			isa = PBXFrameworksBuildPhase;
			buildActionMask = 2147483647;
			files = (
				556CD70749EC771C917F67F6 /* Pods_DemoShopApp.framework in Frameworks */,
			);
			runOnlyForDeploymentPostprocessing = 0;
		};
		ADA260A02BA4F0D600FFEE95 /* Frameworks */ = {
			isa = PBXFrameworksBuildPhase;
			buildActionMask = 2147483647;
			files = (
				D864617FC42F883041C30AEB /* Pods_DemoShopAppTests.framework in Frameworks */,
			);
			runOnlyForDeploymentPostprocessing = 0;
		};
		ADA260AA2BA4F0D600FFEE95 /* Frameworks */ = {
			isa = PBXFrameworksBuildPhase;
			buildActionMask = 2147483647;
			files = (
				2C3D9ACC741AFE843C88F315 /* Pods_DemoShopApp_DemoShopAppUITests.framework in Frameworks */,
			);
			runOnlyForDeploymentPostprocessing = 0;
		};
/* End PBXFrameworksBuildPhase section */

/* Begin PBXGroup section */
		4BA9546241B93F4384705317 /* Pods */ = {
			isa = PBXGroup;
			children = (
				20E0A254E7D048CCB0F100A8 /* Pods-DemoShopApp.debug.xcconfig */,
				CD195FC8BBCDEF0FF85F60D7 /* Pods-DemoShopApp.release.xcconfig */,
				1B2B1B7428603859FA04A713 /* Pods-DemoShopApp-DemoShopAppUITests.debug.xcconfig */,
				810FE069D7997F664B9ABBF0 /* Pods-DemoShopApp-DemoShopAppUITests.release.xcconfig */,
				DBBD2A7C5BFAC648BDCC0F29 /* Pods-DemoShopAppTests.debug.xcconfig */,
				FD88FB41ED6510BEB03730C4 /* Pods-DemoShopAppTests.release.xcconfig */,
			);
			path = Pods;
			sourceTree = "<group>";
		};
		AD47F7122BAD23FD00AA5615 /* Store */ = {
			isa = PBXGroup;
			children = (
				AD9BA9142BAB720E0031D0EB /* AppState.swift */,
				AD9BA9182BAB72B10031D0EB /* AppAction.swift */,
				AD9BA9162BAB72690031D0EB /* Store.swift */,
				AD9BA91A2BAB72DC0031D0EB /* Reducer.swift */,
			);
			path = Store;
			sourceTree = "<group>";
		};
		AD47F7132BAD241600AA5615 /* Environment */ = {
			isa = PBXGroup;
			children = (
				AD9BA91C2BAB745C0031D0EB /* Environment.swift */,
				AD9BA91E2BAB79580031D0EB /* Service.swift */,
			);
			path = Environment;
			sourceTree = "<group>";
		};
		AD47F7142BAD242900AA5615 /* Router */ = {
			isa = PBXGroup;
			children = (
				AD47F7152BAD252800AA5615 /* Router.swift */,
				AD47F6A12BABAAEF00AA5615 /* RouterView.swift */,
			);
			path = Router;
			sourceTree = "<group>";
		};
		AD9BA9112BAB6E050031D0EB /* Model */ = {
			isa = PBXGroup;
			children = (
				AD9BA9122BAB6E0F0031D0EB /* ShopItem.swift */,
			);
			path = Model;
			sourceTree = "<group>";
		};
		AD9BA9202BAB81300031D0EB /* View */ = {
			isa = PBXGroup;
			children = (
				ADA260982BA4F0D500FFEE95 /* ShopListView.swift */,
				AD47F69D2BAB81F700AA5615 /* ListItemView.swift */,
				AD47F69F2BAB88E500AA5615 /* ItemDetailView.swift */,
				AD47F70E2BAD141300AA5615 /* CartView.swift */,
				AD47F7102BAD190C00AA5615 /* CartItemView.swift */,
				AD47F7172BAD2BAD00AA5615 /* ComfirmOrderView.swift */,
				AD47F7192BAD2C0B00AA5615 /* OrderItemView.swift */,
			);
			path = View;
			sourceTree = "<group>";
		};
		ADA2608A2BA4F0D500FFEE95 = {
			isa = PBXGroup;
			children = (
				ADA260952BA4F0D500FFEE95 /* DemoShopApp */,
				ADA260A62BA4F0D600FFEE95 /* DemoShopAppTests */,
				ADA260B02BA4F0D600FFEE95 /* DemoShopAppUITests */,
				ADA260942BA4F0D500FFEE95 /* Products */,
				4BA9546241B93F4384705317 /* Pods */,
				D9EE124D7483138125C9C577 /* Frameworks */,
			);
			sourceTree = "<group>";
		};
		ADA260942BA4F0D500FFEE95 /* Products */ = {
			isa = PBXGroup;
			children = (
				ADA260932BA4F0D500FFEE95 /* DemoShopApp.app */,
				ADA260A32BA4F0D600FFEE95 /* DemoShopAppTests.xctest */,
				ADA260AD2BA4F0D600FFEE95 /* DemoShopAppUITests.xctest */,
			);
			name = Products;
			sourceTree = "<group>";
		};
		ADA260952BA4F0D500FFEE95 /* DemoShopApp */ = {
			isa = PBXGroup;
			children = (
				ADA260962BA4F0D500FFEE95 /* App.swift */,
				AD47F7132BAD241600AA5615 /* Environment */,
				AD47F7122BAD23FD00AA5615 /* Store */,
				AD9BA9112BAB6E050031D0EB /* Model */,
				AD47F7142BAD242900AA5615 /* Router */,
				AD9BA9202BAB81300031D0EB /* View */,
				ADA2609A2BA4F0D600FFEE95 /* Assets.xcassets */,
				ADA2609C2BA4F0D600FFEE95 /* Preview Content */,
			);
			path = DemoShopApp;
			sourceTree = "<group>";
		};
		ADA2609C2BA4F0D600FFEE95 /* Preview Content */ = {
			isa = PBXGroup;
			children = (
				ADA2609D2BA4F0D600FFEE95 /* Preview Assets.xcassets */,
			);
			path = "Preview Content";
			sourceTree = "<group>";
		};
		ADA260A62BA4F0D600FFEE95 /* DemoShopAppTests */ = {
			isa = PBXGroup;
			children = (
				ADA260A72BA4F0D600FFEE95 /* DemoShopAppTests.swift */,
			);
			path = DemoShopAppTests;
			sourceTree = "<group>";
		};
		ADA260B02BA4F0D600FFEE95 /* DemoShopAppUITests */ = {
			isa = PBXGroup;
			children = (
				ADA260B12BA4F0D600FFEE95 /* DemoShopAppUITests.swift */,
				ADA260B32BA4F0D600FFEE95 /* DemoShopAppUITestsLaunchTests.swift */,
			);
			path = DemoShopAppUITests;
			sourceTree = "<group>";
		};
		D9EE124D7483138125C9C577 /* Frameworks */ = {
			isa = PBXGroup;
			children = (
				95AE44EA19F4160562EF59EF /* Pods_DemoShopApp.framework */,
				1E92DAC7DFB2E0919CFF412A /* Pods_DemoShopApp_DemoShopAppUITests.framework */,
				158F67058E28B5CB7C3BA945 /* Pods_DemoShopAppTests.framework */,
			);
			name = Frameworks;
			sourceTree = "<group>";
		};
/* End PBXGroup section */

/* Begin PBXNativeTarget section */
		ADA260922BA4F0D500FFEE95 /* DemoShopApp */ = {
			isa = PBXNativeTarget;
			buildConfigurationList = ADA260B72BA4F0D600FFEE95 /* Build configuration list for PBXNativeTarget "DemoShopApp" */;
			buildPhases = (
				F7974F0700E3EE89F8B29414 /* [CP] Check Pods Manifest.lock */,
				ADA2608F2BA4F0D500FFEE95 /* Sources */,
				ADA260902BA4F0D500FFEE95 /* Frameworks */,
				ADA260912BA4F0D500FFEE95 /* Resources */,
				AD58F5722BA4F3F6006B0F28 /* SwiftLint */,
			);
			buildRules = (
			);
			dependencies = (
			);
			name = DemoShopApp;
			productName = DemoShopApp;
			productReference = ADA260932BA4F0D500FFEE95 /* DemoShopApp.app */;
			productType = "com.apple.product-type.application";
		};
		ADA260A22BA4F0D600FFEE95 /* DemoShopAppTests */ = {
			isa = PBXNativeTarget;
			buildConfigurationList = ADA260BA2BA4F0D600FFEE95 /* Build configuration list for PBXNativeTarget "DemoShopAppTests" */;
			buildPhases = (
				CEF4D34A0621DD2235CD3AB5 /* [CP] Check Pods Manifest.lock */,
				ADA2609F2BA4F0D600FFEE95 /* Sources */,
				ADA260A02BA4F0D600FFEE95 /* Frameworks */,
				ADA260A12BA4F0D600FFEE95 /* Resources */,
			);
			buildRules = (
			);
			dependencies = (
				ADA260A52BA4F0D600FFEE95 /* PBXTargetDependency */,
			);
			name = DemoShopAppTests;
			productName = DemoShopAppTests;
			productReference = ADA260A32BA4F0D600FFEE95 /* DemoShopAppTests.xctest */;
			productType = "com.apple.product-type.bundle.unit-test";
		};
		ADA260AC2BA4F0D600FFEE95 /* DemoShopAppUITests */ = {
			isa = PBXNativeTarget;
			buildConfigurationList = ADA260BD2BA4F0D600FFEE95 /* Build configuration list for PBXNativeTarget "DemoShopAppUITests" */;
			buildPhases = (
				37293BE694F48F0C28F462AD /* [CP] Check Pods Manifest.lock */,
				ADA260A92BA4F0D600FFEE95 /* Sources */,
				ADA260AA2BA4F0D600FFEE95 /* Frameworks */,
				ADA260AB2BA4F0D600FFEE95 /* Resources */,
			);
			buildRules = (
			);
			dependencies = (
				ADA260AF2BA4F0D600FFEE95 /* PBXTargetDependency */,
			);
			name = DemoShopAppUITests;
			productName = DemoShopAppUITests;
			productReference = ADA260AD2BA4F0D600FFEE95 /* DemoShopAppUITests.xctest */;
			productType = "com.apple.product-type.bundle.ui-testing";
		};
/* End PBXNativeTarget section */

/* Begin PBXProject section */
		ADA2608B2BA4F0D500FFEE95 /* Project object */ = {
			isa = PBXProject;
			attributes = {
				BuildIndependentTargetsInParallel = 1;
				LastSwiftUpdateCheck = 1530;
				LastUpgradeCheck = 1530;
				TargetAttributes = {
					ADA260922BA4F0D500FFEE95 = {
						CreatedOnToolsVersion = 15.3;
					};
					ADA260A22BA4F0D600FFEE95 = {
						CreatedOnToolsVersion = 15.3;
						TestTargetID = ADA260922BA4F0D500FFEE95;
					};
					ADA260AC2BA4F0D600FFEE95 = {
						CreatedOnToolsVersion = 15.3;
						TestTargetID = ADA260922BA4F0D500FFEE95;
					};
				};
			};
			buildConfigurationList = ADA2608E2BA4F0D500FFEE95 /* Build configuration list for PBXProject "DemoShopApp" */;
			compatibilityVersion = "Xcode 14.0";
			developmentRegion = en;
			hasScannedForEncodings = 0;
			knownRegions = (
				en,
				Base,
			);
			mainGroup = ADA2608A2BA4F0D500FFEE95;
			productRefGroup = ADA260942BA4F0D500FFEE95 /* Products */;
			projectDirPath = "";
			projectRoot = "";
			targets = (
				ADA260922BA4F0D500FFEE95 /* DemoShopApp */,
				ADA260A22BA4F0D600FFEE95 /* DemoShopAppTests */,
				ADA260AC2BA4F0D600FFEE95 /* DemoShopAppUITests */,
			);
		};
/* End PBXProject section */

/* Begin PBXResourcesBuildPhase section */
		ADA260912BA4F0D500FFEE95 /* Resources */ = {
			isa = PBXResourcesBuildPhase;
			buildActionMask = 2147483647;
			files = (
				ADA2609E2BA4F0D600FFEE95 /* Preview Assets.xcassets in Resources */,
				ADA2609B2BA4F0D600FFEE95 /* Assets.xcassets in Resources */,
			);
			runOnlyForDeploymentPostprocessing = 0;
		};
		ADA260A12BA4F0D600FFEE95 /* Resources */ = {
			isa = PBXResourcesBuildPhase;
			buildActionMask = 2147483647;
			files = (
			);
			runOnlyForDeploymentPostprocessing = 0;
		};
		ADA260AB2BA4F0D600FFEE95 /* Resources */ = {
			isa = PBXResourcesBuildPhase;
			buildActionMask = 2147483647;
			files = (
			);
			runOnlyForDeploymentPostprocessing = 0;
		};
/* End PBXResourcesBuildPhase section */

/* Begin PBXShellScriptBuildPhase section */
		37293BE694F48F0C28F462AD /* [CP] Check Pods Manifest.lock */ = {
			isa = PBXShellScriptBuildPhase;
			buildActionMask = 2147483647;
			files = (
			);
			inputFileListPaths = (
			);
			inputPaths = (
				"${PODS_PODFILE_DIR_PATH}/Podfile.lock",
				"${PODS_ROOT}/Manifest.lock",
			);
			name = "[CP] Check Pods Manifest.lock";
			outputFileListPaths = (
			);
			outputPaths = (
				"$(DERIVED_FILE_DIR)/Pods-DemoShopApp-DemoShopAppUITests-checkManifestLockResult.txt",
			);
			runOnlyForDeploymentPostprocessing = 0;
			shellPath = /bin/sh;
			shellScript = "diff \"${PODS_PODFILE_DIR_PATH}/Podfile.lock\" \"${PODS_ROOT}/Manifest.lock\" > /dev/null\nif [ $? != 0 ] ; then\n    # print error to STDERR\n    echo \"error: The sandbox is not in sync with the Podfile.lock. Run 'pod install' or update your CocoaPods installation.\" >&2\n    exit 1\nfi\n# This output is used by Xcode 'outputs' to avoid re-running this script phase.\necho \"SUCCESS\" > \"${SCRIPT_OUTPUT_FILE_0}\"\n";
			showEnvVarsInLog = 0;
		};
		AD58F5722BA4F3F6006B0F28 /* SwiftLint */ = {
			isa = PBXShellScriptBuildPhase;
			alwaysOutOfDate = 1;
			buildActionMask = 2147483647;
			files = (
			);
			inputFileListPaths = (
			);
			inputPaths = (
			);
			name = SwiftLint;
			outputFileListPaths = (
			);
			outputPaths = (
			);
			runOnlyForDeploymentPostprocessing = 0;
			shellPath = /bin/sh;
			shellScript = "${PODS_ROOT}/SwiftLint/swiftlint\n";
		};
		CEF4D34A0621DD2235CD3AB5 /* [CP] Check Pods Manifest.lock */ = {
			isa = PBXShellScriptBuildPhase;
			buildActionMask = 2147483647;
			files = (
			);
			inputFileListPaths = (
			);
			inputPaths = (
				"${PODS_PODFILE_DIR_PATH}/Podfile.lock",
				"${PODS_ROOT}/Manifest.lock",
			);
			name = "[CP] Check Pods Manifest.lock";
			outputFileListPaths = (
			);
			outputPaths = (
				"$(DERIVED_FILE_DIR)/Pods-DemoShopAppTests-checkManifestLockResult.txt",
			);
			runOnlyForDeploymentPostprocessing = 0;
			shellPath = /bin/sh;
			shellScript = "diff \"${PODS_PODFILE_DIR_PATH}/Podfile.lock\" \"${PODS_ROOT}/Manifest.lock\" > /dev/null\nif [ $? != 0 ] ; then\n    # print error to STDERR\n    echo \"error: The sandbox is not in sync with the Podfile.lock. Run 'pod install' or update your CocoaPods installation.\" >&2\n    exit 1\nfi\n# This output is used by Xcode 'outputs' to avoid re-running this script phase.\necho \"SUCCESS\" > \"${SCRIPT_OUTPUT_FILE_0}\"\n";
			showEnvVarsInLog = 0;
		};
		F7974F0700E3EE89F8B29414 /* [CP] Check Pods Manifest.lock */ = {
			isa = PBXShellScriptBuildPhase;
			buildActionMask = 2147483647;
			files = (
			);
			inputFileListPaths = (
			);
			inputPaths = (
				"${PODS_PODFILE_DIR_PATH}/Podfile.lock",
				"${PODS_ROOT}/Manifest.lock",
			);
			name = "[CP] Check Pods Manifest.lock";
			outputFileListPaths = (
			);
			outputPaths = (
				"$(DERIVED_FILE_DIR)/Pods-DemoShopApp-checkManifestLockResult.txt",
			);
			runOnlyForDeploymentPostprocessing = 0;
			shellPath = /bin/sh;
			shellScript = "diff \"${PODS_PODFILE_DIR_PATH}/Podfile.lock\" \"${PODS_ROOT}/Manifest.lock\" > /dev/null\nif [ $? != 0 ] ; then\n    # print error to STDERR\n    echo \"error: The sandbox is not in sync with the Podfile.lock. Run 'pod install' or update your CocoaPods installation.\" >&2\n    exit 1\nfi\n# This output is used by Xcode 'outputs' to avoid re-running this script phase.\necho \"SUCCESS\" > \"${SCRIPT_OUTPUT_FILE_0}\"\n";
			showEnvVarsInLog = 0;
		};
/* End PBXShellScriptBuildPhase section */

/* Begin PBXSourcesBuildPhase section */
		ADA2608F2BA4F0D500FFEE95 /* Sources */ = {
			isa = PBXSourcesBuildPhase;
			buildActionMask = 2147483647;
			files = (
				AD9BA9172BAB72690031D0EB /* Store.swift in Sources */,
				AD9BA91D2BAB745C0031D0EB /* Environment.swift in Sources */,
				AD47F71A2BAD2C0B00AA5615 /* OrderItemView.swift in Sources */,
				AD47F70F2BAD141300AA5615 /* CartView.swift in Sources */,
				AD9BA9192BAB72B10031D0EB /* AppAction.swift in Sources */,
				AD47F6A22BABAAEF00AA5615 /* RouterView.swift in Sources */,
				AD47F7182BAD2BAD00AA5615 /* ComfirmOrderView.swift in Sources */,
				AD47F6A02BAB88E500AA5615 /* ItemDetailView.swift in Sources */,
				ADA260992BA4F0D500FFEE95 /* ShopListView.swift in Sources */,
				AD47F7162BAD252800AA5615 /* Router.swift in Sources */,
				AD9BA9132BAB6E0F0031D0EB /* ShopItem.swift in Sources */,
				AD47F69E2BAB81F700AA5615 /* ListItemView.swift in Sources */,
				AD9BA91F2BAB79580031D0EB /* Service.swift in Sources */,
				AD9BA91B2BAB72DC0031D0EB /* Reducer.swift in Sources */,
				AD47F7112BAD190C00AA5615 /* CartItemView.swift in Sources */,
				ADA260972BA4F0D500FFEE95 /* App.swift in Sources */,
				AD9BA9152BAB720E0031D0EB /* AppState.swift in Sources */,
			);
			runOnlyForDeploymentPostprocessing = 0;
		};
		ADA2609F2BA4F0D600FFEE95 /* Sources */ = {
			isa = PBXSourcesBuildPhase;
			buildActionMask = 2147483647;
			files = (
				ADA260A82BA4F0D600FFEE95 /* DemoShopAppTests.swift in Sources */,
			);
			runOnlyForDeploymentPostprocessing = 0;
		};
		ADA260A92BA4F0D600FFEE95 /* Sources */ = {
			isa = PBXSourcesBuildPhase;
			buildActionMask = 2147483647;
			files = (
				ADA260B22BA4F0D600FFEE95 /* DemoShopAppUITests.swift in Sources */,
				ADA260B42BA4F0D600FFEE95 /* DemoShopAppUITestsLaunchTests.swift in Sources */,
			);
			runOnlyForDeploymentPostprocessing = 0;
		};
/* End PBXSourcesBuildPhase section */

/* Begin PBXTargetDependency section */
		ADA260A52BA4F0D600FFEE95 /* PBXTargetDependency */ = {
			isa = PBXTargetDependency;
			target = ADA260922BA4F0D500FFEE95 /* DemoShopApp */;
			targetProxy = ADA260A42BA4F0D600FFEE95 /* PBXContainerItemProxy */;
		};
		ADA260AF2BA4F0D600FFEE95 /* PBXTargetDependency */ = {
			isa = PBXTargetDependency;
			target = ADA260922BA4F0D500FFEE95 /* DemoShopApp */;
			targetProxy = ADA260AE2BA4F0D600FFEE95 /* PBXContainerItemProxy */;
		};
/* End PBXTargetDependency section */

/* Begin XCBuildConfiguration section */
		ADA260B52BA4F0D600FFEE95 /* Debug */ = {
			isa = XCBuildConfiguration;
			buildSettings = {
				ALWAYS_SEARCH_USER_PATHS = NO;
				ASSETCATALOG_COMPILER_GENERATE_SWIFT_ASSET_SYMBOL_EXTENSIONS = YES;
				CLANG_ANALYZER_NONNULL = YES;
				CLANG_ANALYZER_NUMBER_OBJECT_CONVERSION = YES_AGGRESSIVE;
				CLANG_CXX_LANGUAGE_STANDARD = "gnu++20";
				CLANG_ENABLE_MODULES = YES;
				CLANG_ENABLE_OBJC_ARC = YES;
				CLANG_ENABLE_OBJC_WEAK = YES;
				CLANG_WARN_BLOCK_CAPTURE_AUTORELEASING = YES;
				CLANG_WARN_BOOL_CONVERSION = YES;
				CLANG_WARN_COMMA = YES;
				CLANG_WARN_CONSTANT_CONVERSION = YES;
				CLANG_WARN_DEPRECATED_OBJC_IMPLEMENTATIONS = YES;
				CLANG_WARN_DIRECT_OBJC_ISA_USAGE = YES_ERROR;
				CLANG_WARN_DOCUMENTATION_COMMENTS = YES;
				CLANG_WARN_EMPTY_BODY = YES;
				CLANG_WARN_ENUM_CONVERSION = YES;
				CLANG_WARN_INFINITE_RECURSION = YES;
				CLANG_WARN_INT_CONVERSION = YES;
				CLANG_WARN_NON_LITERAL_NULL_CONVERSION = YES;
				CLANG_WARN_OBJC_IMPLICIT_RETAIN_SELF = YES;
				CLANG_WARN_OBJC_LITERAL_CONVERSION = YES;
				CLANG_WARN_OBJC_ROOT_CLASS = YES_ERROR;
				CLANG_WARN_QUOTED_INCLUDE_IN_FRAMEWORK_HEADER = YES;
				CLANG_WARN_RANGE_LOOP_ANALYSIS = YES;
				CLANG_WARN_STRICT_PROTOTYPES = YES;
				CLANG_WARN_SUSPICIOUS_MOVE = YES;
				CLANG_WARN_UNGUARDED_AVAILABILITY = YES_AGGRESSIVE;
				CLANG_WARN_UNREACHABLE_CODE = YES;
				CLANG_WARN__DUPLICATE_METHOD_MATCH = YES;
				COPY_PHASE_STRIP = NO;
				DEBUG_INFORMATION_FORMAT = dwarf;
				ENABLE_STRICT_OBJC_MSGSEND = YES;
				ENABLE_TESTABILITY = YES;
				ENABLE_USER_SCRIPT_SANDBOXING = YES;
				GCC_C_LANGUAGE_STANDARD = gnu17;
				GCC_DYNAMIC_NO_PIC = NO;
				GCC_NO_COMMON_BLOCKS = YES;
				GCC_OPTIMIZATION_LEVEL = 0;
				GCC_PREPROCESSOR_DEFINITIONS = (
					"DEBUG=1",
					"$(inherited)",
				);
				GCC_WARN_64_TO_32_BIT_CONVERSION = YES;
				GCC_WARN_ABOUT_RETURN_TYPE = YES_ERROR;
				GCC_WARN_UNDECLARED_SELECTOR = YES;
				GCC_WARN_UNINITIALIZED_AUTOS = YES_AGGRESSIVE;
				GCC_WARN_UNUSED_FUNCTION = YES;
				GCC_WARN_UNUSED_VARIABLE = YES;
				IPHONEOS_DEPLOYMENT_TARGET = 17.4;
				LOCALIZATION_PREFERS_STRING_CATALOGS = YES;
				MTL_ENABLE_DEBUG_INFO = INCLUDE_SOURCE;
				MTL_FAST_MATH = YES;
				ONLY_ACTIVE_ARCH = YES;
				SDKROOT = iphoneos;
				SWIFT_ACTIVE_COMPILATION_CONDITIONS = "DEBUG $(inherited)";
				SWIFT_OPTIMIZATION_LEVEL = "-Onone";
			};
			name = Debug;
		};
		ADA260B62BA4F0D600FFEE95 /* Release */ = {
			isa = XCBuildConfiguration;
			buildSettings = {
				ALWAYS_SEARCH_USER_PATHS = NO;
				ASSETCATALOG_COMPILER_GENERATE_SWIFT_ASSET_SYMBOL_EXTENSIONS = YES;
				CLANG_ANALYZER_NONNULL = YES;
				CLANG_ANALYZER_NUMBER_OBJECT_CONVERSION = YES_AGGRESSIVE;
				CLANG_CXX_LANGUAGE_STANDARD = "gnu++20";
				CLANG_ENABLE_MODULES = YES;
				CLANG_ENABLE_OBJC_ARC = YES;
				CLANG_ENABLE_OBJC_WEAK = YES;
				CLANG_WARN_BLOCK_CAPTURE_AUTORELEASING = YES;
				CLANG_WARN_BOOL_CONVERSION = YES;
				CLANG_WARN_COMMA = YES;
				CLANG_WARN_CONSTANT_CONVERSION = YES;
				CLANG_WARN_DEPRECATED_OBJC_IMPLEMENTATIONS = YES;
				CLANG_WARN_DIRECT_OBJC_ISA_USAGE = YES_ERROR;
				CLANG_WARN_DOCUMENTATION_COMMENTS = YES;
				CLANG_WARN_EMPTY_BODY = YES;
				CLANG_WARN_ENUM_CONVERSION = YES;
				CLANG_WARN_INFINITE_RECURSION = YES;
				CLANG_WARN_INT_CONVERSION = YES;
				CLANG_WARN_NON_LITERAL_NULL_CONVERSION = YES;
				CLANG_WARN_OBJC_IMPLICIT_RETAIN_SELF = YES;
				CLANG_WARN_OBJC_LITERAL_CONVERSION = YES;
				CLANG_WARN_OBJC_ROOT_CLASS = YES_ERROR;
				CLANG_WARN_QUOTED_INCLUDE_IN_FRAMEWORK_HEADER = YES;
				CLANG_WARN_RANGE_LOOP_ANALYSIS = YES;
				CLANG_WARN_STRICT_PROTOTYPES = YES;
				CLANG_WARN_SUSPICIOUS_MOVE = YES;
				CLANG_WARN_UNGUARDED_AVAILABILITY = YES_AGGRESSIVE;
				CLANG_WARN_UNREACHABLE_CODE = YES;
				CLANG_WARN__DUPLICATE_METHOD_MATCH = YES;
				COPY_PHASE_STRIP = NO;
				DEBUG_INFORMATION_FORMAT = "dwarf-with-dsym";
				ENABLE_NS_ASSERTIONS = NO;
				ENABLE_STRICT_OBJC_MSGSEND = YES;
				ENABLE_USER_SCRIPT_SANDBOXING = YES;
				GCC_C_LANGUAGE_STANDARD = gnu17;
				GCC_NO_COMMON_BLOCKS = YES;
				GCC_WARN_64_TO_32_BIT_CONVERSION = YES;
				GCC_WARN_ABOUT_RETURN_TYPE = YES_ERROR;
				GCC_WARN_UNDECLARED_SELECTOR = YES;
				GCC_WARN_UNINITIALIZED_AUTOS = YES_AGGRESSIVE;
				GCC_WARN_UNUSED_FUNCTION = YES;
				GCC_WARN_UNUSED_VARIABLE = YES;
				IPHONEOS_DEPLOYMENT_TARGET = 17.4;
				LOCALIZATION_PREFERS_STRING_CATALOGS = YES;
				MTL_ENABLE_DEBUG_INFO = NO;
				MTL_FAST_MATH = YES;
				SDKROOT = iphoneos;
				SWIFT_COMPILATION_MODE = wholemodule;
				VALIDATE_PRODUCT = YES;
			};
			name = Release;
		};
		ADA260B82BA4F0D600FFEE95 /* Debug */ = {
			isa = XCBuildConfiguration;
			baseConfigurationReference = 20E0A254E7D048CCB0F100A8 /* Pods-DemoShopApp.debug.xcconfig */;
			buildSettings = {
				ASSETCATALOG_COMPILER_APPICON_NAME = AppIcon;
				ASSETCATALOG_COMPILER_GLOBAL_ACCENT_COLOR_NAME = AccentColor;
				CODE_SIGN_STYLE = Automatic;
				CURRENT_PROJECT_VERSION = 1;
				DEVELOPMENT_ASSET_PATHS = "\"DemoShopApp/Preview Content\"";
				DEVELOPMENT_TEAM = 4Z392RE4UH;
				ENABLE_PREVIEWS = YES;
				ENABLE_USER_SCRIPT_SANDBOXING = NO;
				GENERATE_INFOPLIST_FILE = YES;
				INFOPLIST_KEY_UIApplicationSceneManifest_Generation = YES;
				INFOPLIST_KEY_UIApplicationSupportsIndirectInputEvents = YES;
				INFOPLIST_KEY_UILaunchScreen_Generation = YES;
				INFOPLIST_KEY_UISupportedInterfaceOrientations_iPad = "UIInterfaceOrientationPortrait UIInterfaceOrientationPortraitUpsideDown UIInterfaceOrientationLandscapeLeft UIInterfaceOrientationLandscapeRight";
				INFOPLIST_KEY_UISupportedInterfaceOrientations_iPhone = "UIInterfaceOrientationPortrait UIInterfaceOrientationLandscapeLeft UIInterfaceOrientationLandscapeRight";
				IPHONEOS_DEPLOYMENT_TARGET = 16.0;
				LD_RUNPATH_SEARCH_PATHS = (
					"$(inherited)",
					"@executable_path/Frameworks",
				);
				MARKETING_VERSION = 1.0;
				PRODUCT_BUNDLE_IDENTIFIER = com.redev.DemoShopApp;
				PRODUCT_NAME = "$(TARGET_NAME)";
				SWIFT_EMIT_LOC_STRINGS = YES;
				SWIFT_VERSION = 5.0;
				TARGETED_DEVICE_FAMILY = "1,2";
			};
			name = Debug;
		};
		ADA260B92BA4F0D600FFEE95 /* Release */ = {
			isa = XCBuildConfiguration;
			baseConfigurationReference = CD195FC8BBCDEF0FF85F60D7 /* Pods-DemoShopApp.release.xcconfig */;
			buildSettings = {
				ASSETCATALOG_COMPILER_APPICON_NAME = AppIcon;
				ASSETCATALOG_COMPILER_GLOBAL_ACCENT_COLOR_NAME = AccentColor;
				CODE_SIGN_STYLE = Automatic;
				CURRENT_PROJECT_VERSION = 1;
				DEVELOPMENT_ASSET_PATHS = "\"DemoShopApp/Preview Content\"";
				DEVELOPMENT_TEAM = 4Z392RE4UH;
				ENABLE_PREVIEWS = YES;
				ENABLE_USER_SCRIPT_SANDBOXING = NO;
				GENERATE_INFOPLIST_FILE = YES;
				INFOPLIST_KEY_UIApplicationSceneManifest_Generation = YES;
				INFOPLIST_KEY_UIApplicationSupportsIndirectInputEvents = YES;
				INFOPLIST_KEY_UILaunchScreen_Generation = YES;
				INFOPLIST_KEY_UISupportedInterfaceOrientations_iPad = "UIInterfaceOrientationPortrait UIInterfaceOrientationPortraitUpsideDown UIInterfaceOrientationLandscapeLeft UIInterfaceOrientationLandscapeRight";
				INFOPLIST_KEY_UISupportedInterfaceOrientations_iPhone = "UIInterfaceOrientationPortrait UIInterfaceOrientationLandscapeLeft UIInterfaceOrientationLandscapeRight";
				IPHONEOS_DEPLOYMENT_TARGET = 16.0;
				LD_RUNPATH_SEARCH_PATHS = (
					"$(inherited)",
					"@executable_path/Frameworks",
				);
				MARKETING_VERSION = 1.0;
				PRODUCT_BUNDLE_IDENTIFIER = com.redev.DemoShopApp;
				PRODUCT_NAME = "$(TARGET_NAME)";
				SWIFT_EMIT_LOC_STRINGS = YES;
				SWIFT_VERSION = 5.0;
				TARGETED_DEVICE_FAMILY = "1,2";
			};
			name = Release;
		};
		ADA260BB2BA4F0D600FFEE95 /* Debug */ = {
			isa = XCBuildConfiguration;
			baseConfigurationReference = DBBD2A7C5BFAC648BDCC0F29 /* Pods-DemoShopAppTests.debug.xcconfig */;
			buildSettings = {
				ALWAYS_EMBED_SWIFT_STANDARD_LIBRARIES = YES;
				BUNDLE_LOADER = "$(TEST_HOST)";
				CODE_SIGN_STYLE = Automatic;
				CURRENT_PROJECT_VERSION = 1;
				DEVELOPMENT_TEAM = 4Z392RE4UH;
				GENERATE_INFOPLIST_FILE = YES;
				IPHONEOS_DEPLOYMENT_TARGET = 17.4;
				MARKETING_VERSION = 1.0;
				PRODUCT_BUNDLE_IDENTIFIER = com.redev.DemoShopAppTests;
				PRODUCT_NAME = "$(TARGET_NAME)";
				SWIFT_EMIT_LOC_STRINGS = NO;
				SWIFT_VERSION = 5.0;
				TARGETED_DEVICE_FAMILY = "1,2";
				TEST_HOST = "$(BUILT_PRODUCTS_DIR)/DemoShopApp.app/$(BUNDLE_EXECUTABLE_FOLDER_PATH)/DemoShopApp";
			};
			name = Debug;
		};
		ADA260BC2BA4F0D600FFEE95 /* Release */ = {
			isa = XCBuildConfiguration;
			baseConfigurationReference = FD88FB41ED6510BEB03730C4 /* Pods-DemoShopAppTests.release.xcconfig */;
			buildSettings = {
				ALWAYS_EMBED_SWIFT_STANDARD_LIBRARIES = YES;
				BUNDLE_LOADER = "$(TEST_HOST)";
				CODE_SIGN_STYLE = Automatic;
				CURRENT_PROJECT_VERSION = 1;
				DEVELOPMENT_TEAM = 4Z392RE4UH;
				GENERATE_INFOPLIST_FILE = YES;
				IPHONEOS_DEPLOYMENT_TARGET = 17.4;
				MARKETING_VERSION = 1.0;
				PRODUCT_BUNDLE_IDENTIFIER = com.redev.DemoShopAppTests;
				PRODUCT_NAME = "$(TARGET_NAME)";
				SWIFT_EMIT_LOC_STRINGS = NO;
				SWIFT_VERSION = 5.0;
				TARGETED_DEVICE_FAMILY = "1,2";
				TEST_HOST = "$(BUILT_PRODUCTS_DIR)/DemoShopApp.app/$(BUNDLE_EXECUTABLE_FOLDER_PATH)/DemoShopApp";
			};
			name = Release;
		};
		ADA260BE2BA4F0D600FFEE95 /* Debug */ = {
			isa = XCBuildConfiguration;
			baseConfigurationReference = 1B2B1B7428603859FA04A713 /* Pods-DemoShopApp-DemoShopAppUITests.debug.xcconfig */;
			buildSettings = {
				ALWAYS_EMBED_SWIFT_STANDARD_LIBRARIES = YES;
				CODE_SIGN_STYLE = Automatic;
				CURRENT_PROJECT_VERSION = 1;
				DEVELOPMENT_TEAM = 4Z392RE4UH;
				GENERATE_INFOPLIST_FILE = YES;
				MARKETING_VERSION = 1.0;
				PRODUCT_BUNDLE_IDENTIFIER = com.redev.DemoShopAppUITests;
				PRODUCT_NAME = "$(TARGET_NAME)";
				SWIFT_EMIT_LOC_STRINGS = NO;
				SWIFT_VERSION = 5.0;
				TARGETED_DEVICE_FAMILY = "1,2";
				TEST_TARGET_NAME = DemoShopApp;
			};
			name = Debug;
		};
		ADA260BF2BA4F0D600FFEE95 /* Release */ = {
			isa = XCBuildConfiguration;
			baseConfigurationReference = 810FE069D7997F664B9ABBF0 /* Pods-DemoShopApp-DemoShopAppUITests.release.xcconfig */;
			buildSettings = {
				ALWAYS_EMBED_SWIFT_STANDARD_LIBRARIES = YES;
				CODE_SIGN_STYLE = Automatic;
				CURRENT_PROJECT_VERSION = 1;
				DEVELOPMENT_TEAM = 4Z392RE4UH;
				GENERATE_INFOPLIST_FILE = YES;
				MARKETING_VERSION = 1.0;
				PRODUCT_BUNDLE_IDENTIFIER = com.redev.DemoShopAppUITests;
				PRODUCT_NAME = "$(TARGET_NAME)";
				SWIFT_EMIT_LOC_STRINGS = NO;
				SWIFT_VERSION = 5.0;
				TARGETED_DEVICE_FAMILY = "1,2";
				TEST_TARGET_NAME = DemoShopApp;
			};
			name = Release;
		};
/* End XCBuildConfiguration section */

/* Begin XCConfigurationList section */
		ADA2608E2BA4F0D500FFEE95 /* Build configuration list for PBXProject "DemoShopApp" */ = {
			isa = XCConfigurationList;
			buildConfigurations = (
				ADA260B52BA4F0D600FFEE95 /* Debug */,
				ADA260B62BA4F0D600FFEE95 /* Release */,
			);
			defaultConfigurationIsVisible = 0;
			defaultConfigurationName = Release;
		};
		ADA260B72BA4F0D600FFEE95 /* Build configuration list for PBXNativeTarget "DemoShopApp" */ = {
			isa = XCConfigurationList;
			buildConfigurations = (
				ADA260B82BA4F0D600FFEE95 /* Debug */,
				ADA260B92BA4F0D600FFEE95 /* Release */,
			);
			defaultConfigurationIsVisible = 0;
			defaultConfigurationName = Release;
		};
		ADA260BA2BA4F0D600FFEE95 /* Build configuration list for PBXNativeTarget "DemoShopAppTests" */ = {
			isa = XCConfigurationList;
			buildConfigurations = (
				ADA260BB2BA4F0D600FFEE95 /* Debug */,
				ADA260BC2BA4F0D600FFEE95 /* Release */,
			);
			defaultConfigurationIsVisible = 0;
			defaultConfigurationName = Release;
		};
		ADA260BD2BA4F0D600FFEE95 /* Build configuration list for PBXNativeTarget "DemoShopAppUITests" */ = {
			isa = XCConfigurationList;
			buildConfigurations = (
				ADA260BE2BA4F0D600FFEE95 /* Debug */,
				ADA260BF2BA4F0D600FFEE95 /* Release */,
			);
			defaultConfigurationIsVisible = 0;
			defaultConfigurationName = Release;
		};
/* End XCConfigurationList section */
	};
	rootObject = ADA2608B2BA4F0D500FFEE95 /* Project object */;
}
